
Microsoft Visual Studio Solution File, Format Version 12.00
# Visual Studio Version 17
VisualStudioVersion = 17.14.36717.8
MinimumVisualStudioVersion = 10.0.40219.1
Project("{FAE04EC0-301F-11D3-BF4B-00C04F79EFBC}") = "DBDGalleryApp", "DBDGalleryApp\DBDGalleryApp.csproj", "{FAA83822-8EE6-4EB3-B04D-B9BF17631B3C}"
EndProject
Project("{2150E333-8FDC-42A3-9474-1A3956D46DE8}") = "ソリューション項目", "ソリューション項目", "{2022CB0F-8BAF-F49E-0C48-8EF4C96EC109}"
	ProjectSection(SolutionItems) = preProject
		DBDGalleryApp\imgs\perk_k_1.png = DBDGalleryApp\imgs\perk_k_1.png
		DBDGalleryApp\imgs\perk_k_10.png = DBDGalleryApp\imgs\perk_k_10.png
		DBDGalleryApp\imgs\perk_k_100.png = DBDGalleryApp\imgs\perk_k_100.png
		DBDGalleryApp\imgs\perk_k_101.png = DBDGalleryApp\imgs\perk_k_101.png
		DBDGalleryApp\imgs\perk_k_102.png = DBDGalleryApp\imgs\perk_k_102.png
		DBDGalleryApp\imgs\perk_k_103.png = DBDGalleryApp\imgs\perk_k_103.png
		DBDGalleryApp\imgs\perk_k_104.png = DBDGalleryApp\imgs\perk_k_104.png
		DBDGalleryApp\imgs\perk_k_105.png = DBDGalleryApp\imgs\perk_k_105.png
		DBDGalleryApp\imgs\perk_k_106.png = DBDGalleryApp\imgs\perk_k_106.png
		DBDGalleryApp\imgs\perk_k_107.png = DBDGalleryApp\imgs\perk_k_107.png
		DBDGalleryApp\imgs\perk_k_108.png = DBDGalleryApp\imgs\perk_k_108.png
		DBDGalleryApp\imgs\perk_k_109.png = DBDGalleryApp\imgs\perk_k_109.png
		DBDGalleryApp\imgs\perk_k_11.png = DBDGalleryApp\imgs\perk_k_11.png
		DBDGalleryApp\imgs\perk_k_110.png = DBDGalleryApp\imgs\perk_k_110.png
		DBDGalleryApp\imgs\perk_k_111.png = DBDGalleryApp\imgs\perk_k_111.png
		DBDGalleryApp\imgs\perk_k_112.png = DBDGalleryApp\imgs\perk_k_112.png
		DBDGalleryApp\imgs\perk_k_113.png = DBDGalleryApp\imgs\perk_k_113.png
		DBDGalleryApp\imgs\perk_k_114.png = DBDGalleryApp\imgs\perk_k_114.png
		DBDGalleryApp\imgs\perk_k_115.png = DBDGalleryApp\imgs\perk_k_115.png
		DBDGalleryApp\imgs\perk_k_116.png = DBDGalleryApp\imgs\perk_k_116.png
		DBDGalleryApp\imgs\perk_k_117.png = DBDGalleryApp\imgs\perk_k_117.png
		DBDGalleryApp\imgs\perk_k_118.png = DBDGalleryApp\imgs\perk_k_118.png
		DBDGalleryApp\imgs\perk_k_119.png = DBDGalleryApp\imgs\perk_k_119.png
		DBDGalleryApp\imgs\perk_k_12.png = DBDGalleryApp\imgs\perk_k_12.png
		DBDGalleryApp\imgs\perk_k_120.png = DBDGalleryApp\imgs\perk_k_120.png
		DBDGalleryApp\imgs\perk_k_121.png = DBDGalleryApp\imgs\perk_k_121.png
		DBDGalleryApp\imgs\perk_k_122.png = DBDGalleryApp\imgs\perk_k_122.png
		DBDGalleryApp\imgs\perk_k_123.png = DBDGalleryApp\imgs\perk_k_123.png
		DBDGalleryApp\imgs\perk_k_124.png = DBDGalleryApp\imgs\perk_k_124.png
		DBDGalleryApp\imgs\perk_k_125.png = DBDGalleryApp\imgs\perk_k_125.png
		DBDGalleryApp\imgs\perk_k_126.png = DBDGalleryApp\imgs\perk_k_126.png
		DBDGalleryApp\imgs\perk_k_127.png = DBDGalleryApp\imgs\perk_k_127.png
		DBDGalleryApp\imgs\perk_k_128.png = DBDGalleryApp\imgs\perk_k_128.png
		DBDGalleryApp\imgs\perk_k_129.png = DBDGalleryApp\imgs\perk_k_129.png
		DBDGalleryApp\imgs\perk_k_13.png = DBDGalleryApp\imgs\perk_k_13.png
		DBDGalleryApp\imgs\perk_k_130.png = DBDGalleryApp\imgs\perk_k_130.png
		DBDGalleryApp\imgs\perk_k_131.png = DBDGalleryApp\imgs\perk_k_131.png
		DBDGalleryApp\imgs\perk_k_132.png = DBDGalleryApp\imgs\perk_k_132.png
		DBDGalleryApp\imgs\perk_k_133.png = DBDGalleryApp\imgs\perk_k_133.png
		DBDGalleryApp\imgs\perk_k_134.png = DBDGalleryApp\imgs\perk_k_134.png
		DBDGalleryApp\imgs\perk_k_135.png = DBDGalleryApp\imgs\perk_k_135.png
		DBDGalleryApp\imgs\perk_k_136.png = DBDGalleryApp\imgs\perk_k_136.png
		DBDGalleryApp\imgs\perk_k_14.png = DBDGalleryApp\imgs\perk_k_14.png
		DBDGalleryApp\imgs\perk_k_15.png = DBDGalleryApp\imgs\perk_k_15.png
		DBDGalleryApp\imgs\perk_k_16.png = DBDGalleryApp\imgs\perk_k_16.png
		DBDGalleryApp\imgs\perk_k_17.png = DBDGalleryApp\imgs\perk_k_17.png
		DBDGalleryApp\imgs\perk_k_18.png = DBDGalleryApp\imgs\perk_k_18.png
		DBDGalleryApp\imgs\perk_k_19.png = DBDGalleryApp\imgs\perk_k_19.png
		DBDGalleryApp\imgs\perk_k_2.png = DBDGalleryApp\imgs\perk_k_2.png
		DBDGalleryApp\imgs\perk_k_20.png = DBDGalleryApp\imgs\perk_k_20.png
		DBDGalleryApp\imgs\perk_k_21.png = DBDGalleryApp\imgs\perk_k_21.png
		DBDGalleryApp\imgs\perk_k_22.png = DBDGalleryApp\imgs\perk_k_22.png
		DBDGalleryApp\imgs\perk_k_23.png = DBDGalleryApp\imgs\perk_k_23.png
		DBDGalleryApp\imgs\perk_k_24.png = DBDGalleryApp\imgs\perk_k_24.png
		DBDGalleryApp\imgs\perk_k_25.png = DBDGalleryApp\imgs\perk_k_25.png
		DBDGalleryApp\imgs\perk_k_26.png = DBDGalleryApp\imgs\perk_k_26.png
		DBDGalleryApp\imgs\perk_k_27.png = DBDGalleryApp\imgs\perk_k_27.png
		DBDGalleryApp\imgs\perk_k_28.png = DBDGalleryApp\imgs\perk_k_28.png
		DBDGalleryApp\imgs\perk_k_29.png = DBDGalleryApp\imgs\perk_k_29.png
		DBDGalleryApp\imgs\perk_k_3.png = DBDGalleryApp\imgs\perk_k_3.png
		DBDGalleryApp\imgs\perk_k_30.png = DBDGalleryApp\imgs\perk_k_30.png
		DBDGalleryApp\imgs\perk_k_31.png = DBDGalleryApp\imgs\perk_k_31.png
		DBDGalleryApp\imgs\perk_k_32.png = DBDGalleryApp\imgs\perk_k_32.png
		DBDGalleryApp\imgs\perk_k_33.png = DBDGalleryApp\imgs\perk_k_33.png
		DBDGalleryApp\imgs\perk_k_34.png = DBDGalleryApp\imgs\perk_k_34.png
		DBDGalleryApp\imgs\perk_k_35.png = DBDGalleryApp\imgs\perk_k_35.png
		DBDGalleryApp\imgs\perk_k_36.png = DBDGalleryApp\imgs\perk_k_36.png
		DBDGalleryApp\imgs\perk_k_37.png = DBDGalleryApp\imgs\perk_k_37.png
		DBDGalleryApp\imgs\perk_k_38.png = DBDGalleryApp\imgs\perk_k_38.png
		DBDGalleryApp\imgs\perk_k_39.png = DBDGalleryApp\imgs\perk_k_39.png
		DBDGalleryApp\imgs\perk_k_4.png = DBDGalleryApp\imgs\perk_k_4.png
		DBDGalleryApp\imgs\perk_k_40.png = DBDGalleryApp\imgs\perk_k_40.png
		DBDGalleryApp\imgs\perk_k_41.png = DBDGalleryApp\imgs\perk_k_41.png
		DBDGalleryApp\imgs\perk_k_42.png = DBDGalleryApp\imgs\perk_k_42.png
		DBDGalleryApp\imgs\perk_k_43.png = DBDGalleryApp\imgs\perk_k_43.png
		DBDGalleryApp\imgs\perk_k_44.png = DBDGalleryApp\imgs\perk_k_44.png
		DBDGalleryApp\imgs\perk_k_45.png = DBDGalleryApp\imgs\perk_k_45.png
		DBDGalleryApp\imgs\perk_k_46.png = DBDGalleryApp\imgs\perk_k_46.png
		DBDGalleryApp\imgs\perk_k_47.png = DBDGalleryApp\imgs\perk_k_47.png
		DBDGalleryApp\imgs\perk_k_48.png = DBDGalleryApp\imgs\perk_k_48.png
		DBDGalleryApp\imgs\perk_k_49.png = DBDGalleryApp\imgs\perk_k_49.png
		DBDGalleryApp\imgs\perk_k_5.png = DBDGalleryApp\imgs\perk_k_5.png
		DBDGalleryApp\imgs\perk_k_50.png = DBDGalleryApp\imgs\perk_k_50.png
		DBDGalleryApp\imgs\perk_k_51.png = DBDGalleryApp\imgs\perk_k_51.png
		DBDGalleryApp\imgs\perk_k_52.png = DBDGalleryApp\imgs\perk_k_52.png
		DBDGalleryApp\imgs\perk_k_53.png = DBDGalleryApp\imgs\perk_k_53.png
		DBDGalleryApp\imgs\perk_k_54.png = DBDGalleryApp\imgs\perk_k_54.png
		DBDGalleryApp\imgs\perk_k_55.png = DBDGalleryApp\imgs\perk_k_55.png
		DBDGalleryApp\imgs\perk_k_56.png = DBDGalleryApp\imgs\perk_k_56.png
		DBDGalleryApp\imgs\perk_k_57.png = DBDGalleryApp\imgs\perk_k_57.png
		DBDGalleryApp\imgs\perk_k_58.png = DBDGalleryApp\imgs\perk_k_58.png
		DBDGalleryApp\imgs\perk_k_59.png = DBDGalleryApp\imgs\perk_k_59.png
		DBDGalleryApp\imgs\perk_k_6.png = DBDGalleryApp\imgs\perk_k_6.png
		DBDGalleryApp\imgs\perk_k_60.png = DBDGalleryApp\imgs\perk_k_60.png
		DBDGalleryApp\imgs\perk_k_61.png = DBDGalleryApp\imgs\perk_k_61.png
		DBDGalleryApp\imgs\perk_k_62.png = DBDGalleryApp\imgs\perk_k_62.png
		DBDGalleryApp\imgs\perk_k_63.png = DBDGalleryApp\imgs\perk_k_63.png
		DBDGalleryApp\imgs\perk_k_64.png = DBDGalleryApp\imgs\perk_k_64.png
		DBDGalleryApp\imgs\perk_k_65.png = DBDGalleryApp\imgs\perk_k_65.png
		DBDGalleryApp\imgs\perk_k_66.png = DBDGalleryApp\imgs\perk_k_66.png
		DBDGalleryApp\imgs\perk_k_67.png = DBDGalleryApp\imgs\perk_k_67.png
		DBDGalleryApp\imgs\perk_k_68.png = DBDGalleryApp\imgs\perk_k_68.png
		DBDGalleryApp\imgs\perk_k_69.png = DBDGalleryApp\imgs\perk_k_69.png
		DBDGalleryApp\imgs\perk_k_7.png = DBDGalleryApp\imgs\perk_k_7.png
		DBDGalleryApp\imgs\perk_k_70.png = DBDGalleryApp\imgs\perk_k_70.png
		DBDGalleryApp\imgs\perk_k_71.png = DBDGalleryApp\imgs\perk_k_71.png
		DBDGalleryApp\imgs\perk_k_72.png = DBDGalleryApp\imgs\perk_k_72.png
		DBDGalleryApp\imgs\perk_k_73.png = DBDGalleryApp\imgs\perk_k_73.png
		DBDGalleryApp\imgs\perk_k_74.png = DBDGalleryApp\imgs\perk_k_74.png
		DBDGalleryApp\imgs\perk_k_75.png = DBDGalleryApp\imgs\perk_k_75.png
		DBDGalleryApp\imgs\perk_k_76.png = DBDGalleryApp\imgs\perk_k_76.png
		DBDGalleryApp\imgs\perk_k_77.png = DBDGalleryApp\imgs\perk_k_77.png
		DBDGalleryApp\imgs\perk_k_78.png = DBDGalleryApp\imgs\perk_k_78.png
		DBDGalleryApp\imgs\perk_k_79.png = DBDGalleryApp\imgs\perk_k_79.png
		DBDGalleryApp\imgs\perk_k_8.png = DBDGalleryApp\imgs\perk_k_8.png
		DBDGalleryApp\imgs\perk_k_80.png = DBDGalleryApp\imgs\perk_k_80.png
		DBDGalleryApp\imgs\perk_k_81.png = DBDGalleryApp\imgs\perk_k_81.png
		DBDGalleryApp\imgs\perk_k_82.png = DBDGalleryApp\imgs\perk_k_82.png
		DBDGalleryApp\imgs\perk_k_83.png = DBDGalleryApp\imgs\perk_k_83.png
		DBDGalleryApp\imgs\perk_k_84.png = DBDGalleryApp\imgs\perk_k_84.png
		DBDGalleryApp\imgs\perk_k_85.png = DBDGalleryApp\imgs\perk_k_85.png
		DBDGalleryApp\imgs\perk_k_86.png = DBDGalleryApp\imgs\perk_k_86.png
		DBDGalleryApp\imgs\perk_k_87.png = DBDGalleryApp\imgs\perk_k_87.png
		DBDGalleryApp\imgs\perk_k_88.png = DBDGalleryApp\imgs\perk_k_88.png
		DBDGalleryApp\imgs\perk_k_89.png = DBDGalleryApp\imgs\perk_k_89.png
		DBDGalleryApp\imgs\perk_k_9.png = DBDGalleryApp\imgs\perk_k_9.png
		DBDGalleryApp\imgs\perk_k_90.png = DBDGalleryApp\imgs\perk_k_90.png
		DBDGalleryApp\imgs\perk_k_91.png = DBDGalleryApp\imgs\perk_k_91.png
		DBDGalleryApp\imgs\perk_k_92.png = DBDGalleryApp\imgs\perk_k_92.png
		DBDGalleryApp\imgs\perk_k_93.png = DBDGalleryApp\imgs\perk_k_93.png
		DBDGalleryApp\imgs\perk_k_94.png = DBDGalleryApp\imgs\perk_k_94.png
		DBDGalleryApp\imgs\perk_k_95.png = DBDGalleryApp\imgs\perk_k_95.png
		DBDGalleryApp\imgs\perk_k_96.png = DBDGalleryApp\imgs\perk_k_96.png
		DBDGalleryApp\imgs\perk_k_97.png = DBDGalleryApp\imgs\perk_k_97.png
		DBDGalleryApp\imgs\perk_k_98.png = DBDGalleryApp\imgs\perk_k_98.png
		DBDGalleryApp\imgs\perk_k_99.png = DBDGalleryApp\imgs\perk_k_99.png
		DBDGalleryApp\imgs\perk_s_1.png = DBDGalleryApp\imgs\perk_s_1.png
		DBDGalleryApp\imgs\perk_s_10.png = DBDGalleryApp\imgs\perk_s_10.png
		DBDGalleryApp\imgs\perk_s_100.png = DBDGalleryApp\imgs\perk_s_100.png
		DBDGalleryApp\imgs\perk_s_101.png = DBDGalleryApp\imgs\perk_s_101.png
		DBDGalleryApp\imgs\perk_s_102.png = DBDGalleryApp\imgs\perk_s_102.png
		DBDGalleryApp\imgs\perk_s_103.png = DBDGalleryApp\imgs\perk_s_103.png
		DBDGalleryApp\imgs\perk_s_104.png = DBDGalleryApp\imgs\perk_s_104.png
		DBDGalleryApp\imgs\perk_s_105.png = DBDGalleryApp\imgs\perk_s_105.png
		DBDGalleryApp\imgs\perk_s_106.png = DBDGalleryApp\imgs\perk_s_106.png
		DBDGalleryApp\imgs\perk_s_107.png = DBDGalleryApp\imgs\perk_s_107.png
		DBDGalleryApp\imgs\perk_s_108.png = DBDGalleryApp\imgs\perk_s_108.png
		DBDGalleryApp\imgs\perk_s_109.png = DBDGalleryApp\imgs\perk_s_109.png
		DBDGalleryApp\imgs\perk_s_11.png = DBDGalleryApp\imgs\perk_s_11.png
		DBDGalleryApp\imgs\perk_s_110.png = DBDGalleryApp\imgs\perk_s_110.png
		DBDGalleryApp\imgs\perk_s_111.png = DBDGalleryApp\imgs\perk_s_111.png
		DBDGalleryApp\imgs\perk_s_112.png = DBDGalleryApp\imgs\perk_s_112.png
		DBDGalleryApp\imgs\perk_s_113.png = DBDGalleryApp\imgs\perk_s_113.png
		DBDGalleryApp\imgs\perk_s_114.png = DBDGalleryApp\imgs\perk_s_114.png
		DBDGalleryApp\imgs\perk_s_115.png = DBDGalleryApp\imgs\perk_s_115.png
		DBDGalleryApp\imgs\perk_s_116.png = DBDGalleryApp\imgs\perk_s_116.png
		DBDGalleryApp\imgs\perk_s_117.png = DBDGalleryApp\imgs\perk_s_117.png
		DBDGalleryApp\imgs\perk_s_118.png = DBDGalleryApp\imgs\perk_s_118.png
		DBDGalleryApp\imgs\perk_s_119.png = DBDGalleryApp\imgs\perk_s_119.png
		DBDGalleryApp\imgs\perk_s_12.png = DBDGalleryApp\imgs\perk_s_12.png
		DBDGalleryApp\imgs\perk_s_120.png = DBDGalleryApp\imgs\perk_s_120.png
		DBDGalleryApp\imgs\perk_s_121.png = DBDGalleryApp\imgs\perk_s_121.png
		DBDGalleryApp\imgs\perk_s_122.png = DBDGalleryApp\imgs\perk_s_122.png
		DBDGalleryApp\imgs\perk_s_123.png = DBDGalleryApp\imgs\perk_s_123.png
		DBDGalleryApp\imgs\perk_s_124.png = DBDGalleryApp\imgs\perk_s_124.png
		DBDGalleryApp\imgs\perk_s_125.png = DBDGalleryApp\imgs\perk_s_125.png
		DBDGalleryApp\imgs\perk_s_126.png = DBDGalleryApp\imgs\perk_s_126.png
		DBDGalleryApp\imgs\perk_s_127.png = DBDGalleryApp\imgs\perk_s_127.png
		DBDGalleryApp\imgs\perk_s_128.png = DBDGalleryApp\imgs\perk_s_128.png
		DBDGalleryApp\imgs\perk_s_129.png = DBDGalleryApp\imgs\perk_s_129.png
		DBDGalleryApp\imgs\perk_s_13.png = DBDGalleryApp\imgs\perk_s_13.png
		DBDGalleryApp\imgs\perk_s_130.png = DBDGalleryApp\imgs\perk_s_130.png
		DBDGalleryApp\imgs\perk_s_131.png = DBDGalleryApp\imgs\perk_s_131.png
		DBDGalleryApp\imgs\perk_s_132.png = DBDGalleryApp\imgs\perk_s_132.png
		DBDGalleryApp\imgs\perk_s_133.png = DBDGalleryApp\imgs\perk_s_133.png
		DBDGalleryApp\imgs\perk_s_134.png = DBDGalleryApp\imgs\perk_s_134.png
		DBDGalleryApp\imgs\perk_s_135.png = DBDGalleryApp\imgs\perk_s_135.png
		DBDGalleryApp\imgs\perk_s_136.png = DBDGalleryApp\imgs\perk_s_136.png
		DBDGalleryApp\imgs\perk_s_137.png = DBDGalleryApp\imgs\perk_s_137.png
		DBDGalleryApp\imgs\perk_s_138.png = DBDGalleryApp\imgs\perk_s_138.png
		DBDGalleryApp\imgs\perk_s_139.png = DBDGalleryApp\imgs\perk_s_139.png
		DBDGalleryApp\imgs\perk_s_14.png = DBDGalleryApp\imgs\perk_s_14.png
		DBDGalleryApp\imgs\perk_s_140.png = DBDGalleryApp\imgs\perk_s_140.png
		DBDGalleryApp\imgs\perk_s_141.png = DBDGalleryApp\imgs\perk_s_141.png
		DBDGalleryApp\imgs\perk_s_142.png = DBDGalleryApp\imgs\perk_s_142.png
		DBDGalleryApp\imgs\perk_s_143.png = DBDGalleryApp\imgs\perk_s_143.png
		DBDGalleryApp\imgs\perk_s_144.png = DBDGalleryApp\imgs\perk_s_144.png
		DBDGalleryApp\imgs\perk_s_145.png = DBDGalleryApp\imgs\perk_s_145.png
		DBDGalleryApp\imgs\perk_s_146.png = DBDGalleryApp\imgs\perk_s_146.png
		DBDGalleryApp\imgs\perk_s_147.png = DBDGalleryApp\imgs\perk_s_147.png
		DBDGalleryApp\imgs\perk_s_148.png = DBDGalleryApp\imgs\perk_s_148.png
		DBDGalleryApp\imgs\perk_s_149.png = DBDGalleryApp\imgs\perk_s_149.png
		DBDGalleryApp\imgs\perk_s_15.png = DBDGalleryApp\imgs\perk_s_15.png
		DBDGalleryApp\imgs\perk_s_150.png = DBDGalleryApp\imgs\perk_s_150.png
		DBDGalleryApp\imgs\perk_s_151.png = DBDGalleryApp\imgs\perk_s_151.png
		DBDGalleryApp\imgs\perk_s_152.png = DBDGalleryApp\imgs\perk_s_152.png
		DBDGalleryApp\imgs\perk_s_153.png = DBDGalleryApp\imgs\perk_s_153.png
		DBDGalleryApp\imgs\perk_s_154.png = DBDGalleryApp\imgs\perk_s_154.png
		DBDGalleryApp\imgs\perk_s_155.png = DBDGalleryApp\imgs\perk_s_155.png
		DBDGalleryApp\imgs\perk_s_156.png = DBDGalleryApp\imgs\perk_s_156.png
		DBDGalleryApp\imgs\perk_s_157.png = DBDGalleryApp\imgs\perk_s_157.png
		DBDGalleryApp\imgs\perk_s_158.png = DBDGalleryApp\imgs\perk_s_158.png
		DBDGalleryApp\imgs\perk_s_159.png = DBDGalleryApp\imgs\perk_s_159.png
		DBDGalleryApp\imgs\perk_s_16.png = DBDGalleryApp\imgs\perk_s_16.png
		DBDGalleryApp\imgs\perk_s_160.png = DBDGalleryApp\imgs\perk_s_160.png
		DBDGalleryApp\imgs\perk_s_161.png = DBDGalleryApp\imgs\perk_s_161.png
		DBDGalleryApp\imgs\perk_s_17.png = DBDGalleryApp\imgs\perk_s_17.png
		DBDGalleryApp\imgs\perk_s_18.png = DBDGalleryApp\imgs\perk_s_18.png
		DBDGalleryApp\imgs\perk_s_19.png = DBDGalleryApp\imgs\perk_s_19.png
		DBDGalleryApp\imgs\perk_s_2.png = DBDGalleryApp\imgs\perk_s_2.png
		DBDGalleryApp\imgs\perk_s_20.png = DBDGalleryApp\imgs\perk_s_20.png
		DBDGalleryApp\imgs\perk_s_21.png = DBDGalleryApp\imgs\perk_s_21.png
		DBDGalleryApp\imgs\perk_s_22.png = DBDGalleryApp\imgs\perk_s_22.png
		DBDGalleryApp\imgs\perk_s_23.png = DBDGalleryApp\imgs\perk_s_23.png
		DBDGalleryApp\imgs\perk_s_24.png = DBDGalleryApp\imgs\perk_s_24.png
		DBDGalleryApp\imgs\perk_s_25.png = DBDGalleryApp\imgs\perk_s_25.png
		DBDGalleryApp\imgs\perk_s_26.png = DBDGalleryApp\imgs\perk_s_26.png
		DBDGalleryApp\imgs\perk_s_27.png = DBDGalleryApp\imgs\perk_s_27.png
		DBDGalleryApp\imgs\perk_s_28.png = DBDGalleryApp\imgs\perk_s_28.png
		DBDGalleryApp\imgs\perk_s_29.png = DBDGalleryApp\imgs\perk_s_29.png
		DBDGalleryApp\imgs\perk_s_3.png = DBDGalleryApp\imgs\perk_s_3.png
		DBDGalleryApp\imgs\perk_s_30.png = DBDGalleryApp\imgs\perk_s_30.png
		DBDGalleryApp\imgs\perk_s_31.png = DBDGalleryApp\imgs\perk_s_31.png
		DBDGalleryApp\imgs\perk_s_32.png = DBDGalleryApp\imgs\perk_s_32.png
		DBDGalleryApp\imgs\perk_s_33.png = DBDGalleryApp\imgs\perk_s_33.png
		DBDGalleryApp\imgs\perk_s_34.png = DBDGalleryApp\imgs\perk_s_34.png
		DBDGalleryApp\imgs\perk_s_35.png = DBDGalleryApp\imgs\perk_s_35.png
		DBDGalleryApp\imgs\perk_s_36.png = DBDGalleryApp\imgs\perk_s_36.png
		DBDGalleryApp\imgs\perk_s_37.png = DBDGalleryApp\imgs\perk_s_37.png
		DBDGalleryApp\imgs\perk_s_38.png = DBDGalleryApp\imgs\perk_s_38.png
		DBDGalleryApp\imgs\perk_s_39.png = DBDGalleryApp\imgs\perk_s_39.png
		DBDGalleryApp\imgs\perk_s_4.png = DBDGalleryApp\imgs\perk_s_4.png
		DBDGalleryApp\imgs\perk_s_40.png = DBDGalleryApp\imgs\perk_s_40.png
		DBDGalleryApp\imgs\perk_s_41.png = DBDGalleryApp\imgs\perk_s_41.png
		DBDGalleryApp\imgs\perk_s_42.png = DBDGalleryApp\imgs\perk_s_42.png
		DBDGalleryApp\imgs\perk_s_43.png = DBDGalleryApp\imgs\perk_s_43.png
		DBDGalleryApp\imgs\perk_s_44.png = DBDGalleryApp\imgs\perk_s_44.png
		DBDGalleryApp\imgs\perk_s_45.png = DBDGalleryApp\imgs\perk_s_45.png
		DBDGalleryApp\imgs\perk_s_46.png = DBDGalleryApp\imgs\perk_s_46.png
		DBDGalleryApp\imgs\perk_s_47.png = DBDGalleryApp\imgs\perk_s_47.png
		DBDGalleryApp\imgs\perk_s_48.png = DBDGalleryApp\imgs\perk_s_48.png
		DBDGalleryApp\imgs\perk_s_49.png = DBDGalleryApp\imgs\perk_s_49.png
		DBDGalleryApp\imgs\perk_s_5.png = DBDGalleryApp\imgs\perk_s_5.png
		DBDGalleryApp\imgs\perk_s_50.png = DBDGalleryApp\imgs\perk_s_50.png
		DBDGalleryApp\imgs\perk_s_51.png = DBDGalleryApp\imgs\perk_s_51.png
		DBDGalleryApp\imgs\perk_s_52.png = DBDGalleryApp\imgs\perk_s_52.png
		DBDGalleryApp\imgs\perk_s_53.png = DBDGalleryApp\imgs\perk_s_53.png
		DBDGalleryApp\imgs\perk_s_54.png = DBDGalleryApp\imgs\perk_s_54.png
		DBDGalleryApp\imgs\perk_s_55.png = DBDGalleryApp\imgs\perk_s_55.png
		DBDGalleryApp\imgs\perk_s_56.png = DBDGalleryApp\imgs\perk_s_56.png
		DBDGalleryApp\imgs\perk_s_57.png = DBDGalleryApp\imgs\perk_s_57.png
		DBDGalleryApp\imgs\perk_s_58.png = DBDGalleryApp\imgs\perk_s_58.png
		DBDGalleryApp\imgs\perk_s_59.png = DBDGalleryApp\imgs\perk_s_59.png
		DBDGalleryApp\imgs\perk_s_6.png = DBDGalleryApp\imgs\perk_s_6.png
		DBDGalleryApp\imgs\perk_s_60.png = DBDGalleryApp\imgs\perk_s_60.png
		DBDGalleryApp\imgs\perk_s_61.png = DBDGalleryApp\imgs\perk_s_61.png
		DBDGalleryApp\imgs\perk_s_62.png = DBDGalleryApp\imgs\perk_s_62.png
		DBDGalleryApp\imgs\perk_s_63.png = DBDGalleryApp\imgs\perk_s_63.png
		DBDGalleryApp\imgs\perk_s_64.png = DBDGalleryApp\imgs\perk_s_64.png
		DBDGalleryApp\imgs\perk_s_65.png = DBDGalleryApp\imgs\perk_s_65.png
		DBDGalleryApp\imgs\perk_s_66.png = DBDGalleryApp\imgs\perk_s_66.png
		DBDGalleryApp\imgs\perk_s_67.png = DBDGalleryApp\imgs\perk_s_67.png
		DBDGalleryApp\imgs\perk_s_68.png = DBDGalleryApp\imgs\perk_s_68.png
		DBDGalleryApp\imgs\perk_s_69.png = DBDGalleryApp\imgs\perk_s_69.png
		DBDGalleryApp\imgs\perk_s_7.png = DBDGalleryApp\imgs\perk_s_7.png
		DBDGalleryApp\imgs\perk_s_70.png = DBDGalleryApp\imgs\perk_s_70.png
		DBDGalleryApp\imgs\perk_s_71.png = DBDGalleryApp\imgs\perk_s_71.png
		DBDGalleryApp\imgs\perk_s_72.png = DBDGalleryApp\imgs\perk_s_72.png
		DBDGalleryApp\imgs\perk_s_73.png = DBDGalleryApp\imgs\perk_s_73.png
		DBDGalleryApp\imgs\perk_s_74.png = DBDGalleryApp\imgs\perk_s_74.png
		DBDGalleryApp\imgs\perk_s_75.png = DBDGalleryApp\imgs\perk_s_75.png
		DBDGalleryApp\imgs\perk_s_76.png = DBDGalleryApp\imgs\perk_s_76.png
		DBDGalleryApp\imgs\perk_s_77.png = DBDGalleryApp\imgs\perk_s_77.png
		DBDGalleryApp\imgs\perk_s_78.png = DBDGalleryApp\imgs\perk_s_78.png
		DBDGalleryApp\imgs\perk_s_79.png = DBDGalleryApp\imgs\perk_s_79.png
		DBDGalleryApp\imgs\perk_s_8.png = DBDGalleryApp\imgs\perk_s_8.png
		DBDGalleryApp\imgs\perk_s_80.png = DBDGalleryApp\imgs\perk_s_80.png
		DBDGalleryApp\imgs\perk_s_81.png = DBDGalleryApp\imgs\perk_s_81.png
		DBDGalleryApp\imgs\perk_s_82.png = DBDGalleryApp\imgs\perk_s_82.png
		DBDGalleryApp\imgs\perk_s_83.png = DBDGalleryApp\imgs\perk_s_83.png
		DBDGalleryApp\imgs\perk_s_84.png = DBDGalleryApp\imgs\perk_s_84.png
		DBDGalleryApp\imgs\perk_s_85.png = DBDGalleryApp\imgs\perk_s_85.png
		DBDGalleryApp\imgs\perk_s_86.png = DBDGalleryApp\imgs\perk_s_86.png
		DBDGalleryApp\imgs\perk_s_87.png = DBDGalleryApp\imgs\perk_s_87.png
		DBDGalleryApp\imgs\perk_s_88.png = DBDGalleryApp\imgs\perk_s_88.png
		DBDGalleryApp\imgs\perk_s_89.png = DBDGalleryApp\imgs\perk_s_89.png
		DBDGalleryApp\imgs\perk_s_9.png = DBDGalleryApp\imgs\perk_s_9.png
		DBDGalleryApp\imgs\perk_s_90.png = DBDGalleryApp\imgs\perk_s_90.png
		DBDGalleryApp\imgs\perk_s_91.png = DBDGalleryApp\imgs\perk_s_91.png
		DBDGalleryApp\imgs\perk_s_92.png = DBDGalleryApp\imgs\perk_s_92.png
		DBDGalleryApp\imgs\perk_s_93.png = DBDGalleryApp\imgs\perk_s_93.png
		DBDGalleryApp\imgs\perk_s_94.png = DBDGalleryApp\imgs\perk_s_94.png
		DBDGalleryApp\imgs\perk_s_95.png = DBDGalleryApp\imgs\perk_s_95.png
		DBDGalleryApp\imgs\perk_s_96.png = DBDGalleryApp\imgs\perk_s_96.png
		DBDGalleryApp\imgs\perk_s_97.png = DBDGalleryApp\imgs\perk_s_97.png
		DBDGalleryApp\imgs\perk_s_98.png = DBDGalleryApp\imgs\perk_s_98.png
		DBDGalleryApp\imgs\perk_s_99.png = DBDGalleryApp\imgs\perk_s_99.png
	EndProjectSection
EndProject
Global
	GlobalSection(SolutionConfigurationPlatforms) = preSolution
		Debug|Any CPU = Debug|Any CPU
		Release|Any CPU = Release|Any CPU
	EndGlobalSection
	GlobalSection(ProjectConfigurationPlatforms) = postSolution
		{FAA83822-8EE6-4EB3-B04D-B9BF17631B3C}.Debug|Any CPU.ActiveCfg = Debug|Any CPU
		{FAA83822-8EE6-4EB3-B04D-B9BF17631B3C}.Debug|Any CPU.Build.0 = Debug|Any CPU
		{FAA83822-8EE6-4EB3-B04D-B9BF17631B3C}.Release|Any CPU.ActiveCfg = Release|Any CPU
		{FAA83822-8EE6-4EB3-B04D-B9BF17631B3C}.Release|Any CPU.Build.0 = Release|Any CPU
	EndGlobalSection
	GlobalSection(SolutionProperties) = preSolution
		HideSolutionNode = FALSE
	EndGlobalSection
	GlobalSection(ExtensibilityGlobals) = postSolution
		SolutionGuid = {67E091A1-76B1-42C8-ADAB-A42DA7DA230B}
	EndGlobalSection
EndGlobal
